
Microsoft Visual Studio Solution File, Format Version 12.00
# Visual Studio Version 17
VisualStudioVersion = 17.8.34511.84
MinimumVisualStudioVersion = 10.0.40219.1
Project("{FAE04EC0-301F-11D3-BF4B-00C04F79EFBC}") = "ParzysteNieparzysteApp", "ParzysteNieparzysteApp.csproj", "{6299E4C4-2AE6-4A48-B090-4A34E256F171}"
EndProject
Global
	GlobalSection(SolutionConfigurationPlatforms) = preSolution
		Debug|Any CPU = Debug|Any CPU
		Release|Any CPU = Release|Any CPU
	EndGlobalSection
	GlobalSection(ProjectConfigurationPlatforms) = postSolution
		{6299E4C4-2AE6-4A48-B090-4A34E256F171}.Debug|Any CPU.ActiveCfg = Debug|Any CPU
		{6299E4C4-2AE6-4A48-B090-4A34E256F171}.Debug|Any CPU.Build.0 = Debug|Any CPU
		{6299E4C4-2AE6-4A48-B090-4A34E256F171}.Release|Any CPU.ActiveCfg = Release|Any CPU
		{6299E4C4-2AE6-4A48-B090-4A34E256F171}.Release|Any CPU.Build.0 = Release|Any CPU
	EndGlobalSection
	GlobalSection(SolutionProperties) = preSolution
		HideSolutionNode = FALSE
	EndGlobalSection
	GlobalSection(ExtensibilityGlobals) = postSolution
		SolutionGuid = {0C8C4578-F7B7-4BA9-BA34-BAC91E96618B}
	EndGlobalSection
EndGlobal
